# THIS IS AN AUTOGENERATED FILE. DO NOT EDIT THIS FILE DIRECTLY.
# yarn lockfile v1


react-range@^1.10.0:
  version "1.10.0"
  resolved "https://registry.yarnpkg.com/react-range/-/react-range-1.10.0.tgz#20f56885bd39400084c91c2ae7f9375ed9b22fb5"
  integrity sha512-kDo0LiBUHIQIP8menx0UoxTnHr7UXBYpIYl/DR9jCaO1o29VwvCLpkP/qOTNQz5hkJadPg1uEM07XJcJ1XGoKw==
